{
  "projects": [
    {
      "projectId": "cmxbiR2DDRv5pf3jozTs35",
      "version": "latest",
      "dependencies": {},
      "lang": "js",
      "fileLocks": [
        {
          "type": "globalVariant",
          "assetId": "t7HaUpRXzb9g",
          "checksum": "d1fcc454fba7d39efa23baca3ba9dd81"
        },
        {
          "assetId": "cmxbiR2DDRv5pf3jozTs35",
          "type": "projectCss",
          "checksum": "46241865ca03e6a2d0cf208e4442d7b0"
        },
        {
          "type": "renderModule",
          "assetId": "KkoYUQ8b6EO",
          "checksum": "874cc78b3c83d4d6cea8ef8264b3dd4a"
        },
        {
          "type": "cssRules",
          "assetId": "KkoYUQ8b6EO",
          "checksum": "874cc78b3c83d4d6cea8ef8264b3dd4a"
        },
        {
          "type": "renderModule",
          "assetId": "pbv-Mbq112w",
          "checksum": "a1fac369716cd180065f62a29bdff7d9"
        },
        {
          "type": "cssRules",
          "assetId": "pbv-Mbq112w",
          "checksum": "a1fac369716cd180065f62a29bdff7d9"
        },
        {
          "type": "renderModule",
          "assetId": "DQbVzEvSWEa",
          "checksum": "d3d7c4539ba42e448ee2ab1cf69cc87c"
        },
        {
          "type": "cssRules",
          "assetId": "DQbVzEvSWEa",
          "checksum": "d3d7c4539ba42e448ee2ab1cf69cc87c"
        },
        {
          "type": "renderModule",
          "assetId": "zQn5MXmA4Iq4",
          "checksum": "f48f6637a0a443ea9075ebe70802c8d2"
        },
        {
          "type": "cssRules",
          "assetId": "zQn5MXmA4Iq4",
          "checksum": "f48f6637a0a443ea9075ebe70802c8d2"
        },
        {
          "type": "renderModule",
          "assetId": "DkggFCItL8le",
          "checksum": "80b9d330c5ee2939766bf0b90af23d87"
        },
        {
          "type": "cssRules",
          "assetId": "DkggFCItL8le",
          "checksum": "80b9d330c5ee2939766bf0b90af23d87"
        },
        {
          "type": "renderModule",
          "assetId": "YgSl-_C-qO67",
          "checksum": "9e1b8866f0119c98b14709506f8215ae"
        },
        {
          "type": "cssRules",
          "assetId": "YgSl-_C-qO67",
          "checksum": "9e1b8866f0119c98b14709506f8215ae"
        },
        {
          "type": "renderModule",
          "assetId": "SDjD8p4xQ4sE",
          "checksum": "6e4b035a77188602ff2f88499ff02d33"
        },
        {
          "type": "cssRules",
          "assetId": "SDjD8p4xQ4sE",
          "checksum": "6e4b035a77188602ff2f88499ff02d33"
        },
        {
          "type": "renderModule",
          "assetId": "KS2sS7P07Kxk",
          "checksum": "9a9204d65e8ffbd23eb7653cb6dba152"
        },
        {
          "type": "cssRules",
          "assetId": "KS2sS7P07Kxk",
          "checksum": "9a9204d65e8ffbd23eb7653cb6dba152"
        },
        {
          "type": "renderModule",
          "assetId": "JLZ56I7cGHEM",
          "checksum": "bcc950bfe26cd1644dddd635d78a11fc"
        },
        {
          "type": "cssRules",
          "assetId": "JLZ56I7cGHEM",
          "checksum": "bcc950bfe26cd1644dddd635d78a11fc"
        },
        {
          "type": "icon",
          "assetId": "hRfI-xOlu_Md",
          "checksum": "0e177dd761d726ad2091e4f4b7644dfa"
        },
        {
          "type": "icon",
          "assetId": "vBJ7i4cXFTFW",
          "checksum": "47bd127423bacf4b085968b5cc40d0d5"
        },
        {
          "type": "icon",
          "assetId": "SqDqlULiZBNo",
          "checksum": "ed6115b5741b27a3a5d847b4f643b182"
        },
        {
          "type": "icon",
          "assetId": "u2O4Wx-ofVmX",
          "checksum": "38f53668cc3a8b9ef5364002e5cfd917"
        },
        {
          "type": "icon",
          "assetId": "3BKF_ch9ozh9",
          "checksum": "8f7a0c4c2a9ed99cba1c71148ecd1169"
        },
        {
          "type": "icon",
          "assetId": "gqQKSbkcgqzC",
          "checksum": "8e4c0f84fbf80291d50bae31aab3d733"
        },
        {
          "type": "icon",
          "assetId": "vtQPnI9mRUoR",
          "checksum": "0683f923c856558d087621e645b76336"
        },
        {
          "type": "icon",
          "assetId": "NUctUxfGhJxK",
          "checksum": "d1fd62def5008952eea13797230eaa35"
        },
        {
          "type": "icon",
          "assetId": "eBls3RGGJjfb",
          "checksum": "17668dffe8624c28a9a173c43a1cfebd"
        },
        {
          "type": "icon",
          "assetId": "L-TTTtkDA0Te",
          "checksum": "72cbc8b6df88e4512c9a0f142d8fe2c8"
        },
        {
          "type": "icon",
          "assetId": "jH_7gDFMQBax",
          "checksum": "4f361655acbad08b01da47ac2c07a259"
        },
        {
          "type": "icon",
          "assetId": "O4HyEZckgKOm",
          "checksum": "d25ac9c8f91b68e62a53e6c9b4d9c91c"
        },
        {
          "type": "icon",
          "assetId": "hIuUP_0RF5gS",
          "checksum": "cbdc4a2fd534a18719027d9702cf6dd6"
        },
        {
          "type": "icon",
          "assetId": "TpYkDPb2L7hz",
          "checksum": "5fdcd930a68f4a1eaa82f4fe09c08e4d"
        },
        {
          "type": "icon",
          "assetId": "Acs0hDr57fIq",
          "checksum": "71dcf89782c84eb749d9a2d681a34442"
        },
        {
          "type": "icon",
          "assetId": "xLJDATql547n",
          "checksum": "986cfafd87edbf1d6f863f5565e6acb6"
        },
        {
          "type": "icon",
          "assetId": "wbM1_z-2ix3U",
          "checksum": "20a5ecd4cdc87a1765b7834313c5766e"
        },
        {
          "type": "icon",
          "assetId": "YHNSby5eqkfC",
          "checksum": "cedc00982dd0ef9bc9a3206c4831a6d9"
        },
        {
          "type": "icon",
          "assetId": "JezJIidJdJ8n",
          "checksum": "f4b80c24530068f444771d6c48eb3741"
        },
        {
          "type": "icon",
          "assetId": "iEbVAAIu33FV",
          "checksum": "ee1493214b572f340f795a0176ddba39"
        },
        {
          "type": "icon",
          "assetId": "lRaE5JeF8xJo",
          "checksum": "4ab9c2f8a58bde0ee0917334fac7ee99"
        },
        {
          "type": "icon",
          "assetId": "bxXSuy0s6eO0",
          "checksum": "c62d620a716377783a262f61bb414f01"
        },
        {
          "type": "icon",
          "assetId": "s1zxaLzbirtO",
          "checksum": "3033a88b1bd4ff810ce6b7f4be67e398"
        },
        {
          "type": "icon",
          "assetId": "z5m5-HMfNVfe",
          "checksum": "84d64139e39eda6b053f9d47e8760781"
        },
        {
          "type": "icon",
          "assetId": "e1UmjQMky48q",
          "checksum": "da0b5b2eb73b0416c5d8629fa685d5a5"
        },
        {
          "type": "icon",
          "assetId": "GOM0Mx3uQBaU",
          "checksum": "ba6dff7694ac41727c11d0fced3f3674"
        },
        {
          "type": "icon",
          "assetId": "-05dwHONNw4l",
          "checksum": "c1ff22c579984e27c437afb099c97e18"
        },
        {
          "type": "icon",
          "assetId": "tAiJ0nHJvwC7",
          "checksum": "c9d8894f3110272831be6c0484ba52a8"
        },
        {
          "type": "icon",
          "assetId": "qAE8JKp3Jh_1",
          "checksum": "23f67e089e6dd4287780d7030e5a6b90"
        },
        {
          "type": "icon",
          "assetId": "vOjLBN68ozA9",
          "checksum": "77e87329f5f1de90e1ee7b1edf23c3f2"
        },
        {
          "type": "icon",
          "assetId": "L_wqqGHL9RKT",
          "checksum": "89e35308fe80baae5715eb7042cdfff6"
        },
        {
          "type": "icon",
          "assetId": "MPzt9vOkLR_B",
          "checksum": "e675a14e6c15e419909803c0b008861a"
        },
        {
          "type": "icon",
          "assetId": "-zWCJQe07Ao-",
          "checksum": "07fd19e74e276a71cb9f5643ed398d29"
        },
        {
          "type": "icon",
          "assetId": "H9_GtIxo8aeU",
          "checksum": "d8e4628dc5e1d84bbddf70928aa1104d"
        },
        {
          "type": "image",
          "assetId": "qdb-8_8uaOL-",
          "checksum": "cc20e6152337e268d0dc71f7aed4a83d"
        },
        {
          "type": "image",
          "assetId": "2R4JEb5w3Yh7",
          "checksum": "7d435f66e5894125b745203cf8d79d5b"
        },
        {
          "type": "image",
          "assetId": "VQaLFYigBp_c",
          "checksum": "43a752d5d0a587abe85859949807d44a"
        },
        {
          "type": "image",
          "assetId": "wgJomw4I2pND",
          "checksum": "2a374e96875c1eb0c1f623ac0a618cac"
        },
        {
          "type": "image",
          "assetId": "js8QAqjHxn-l",
          "checksum": "57162e13baa85ea6c2ce4faae4540c0a"
        },
        {
          "type": "image",
          "assetId": "okxxA1Lcmjnf",
          "checksum": "912f71ab6e644e01ed8b20a45105f1ad"
        },
        {
          "type": "image",
          "assetId": "UAfdbKU8AOh3",
          "checksum": "df38e754fcaae3ad83bae21aaea26826"
        },
        {
          "type": "image",
          "assetId": "R7N5IQU4MdKR",
          "checksum": "e2d825c0a56dd86365f7e5267e9e5cfd"
        },
        {
          "type": "image",
          "assetId": "8QAkZtRvUFJx",
          "checksum": "408c690f4704f2227e70a279f022be16"
        },
        {
          "type": "image",
          "assetId": "6Pp0ycDX1mNY",
          "checksum": "d9adca36edb633d2d81a4cdb55579acb"
        },
        {
          "type": "image",
          "assetId": "QorS0VTAJ0ec",
          "checksum": "b696f9d4501f023ed75da54262a37bba"
        }
      ]
    }
  ],
  "cliVersion": "0.1.166"
}
